// !$*UTF8*$!
{
	archiveVersion = 1;
	classes = {
	};
	objectVersion = 48;
	objects = {

/* Begin PBXBuildFile section */
		6AB5B32FB82B63E317B8074F /* Pods_WeatherForecaster.framework in Frameworks */ = {isa = PBXBuildFile; fileRef = C5EADE2D159E72E31706C9B1 /* Pods_WeatherForecaster.framework */; };
		B4474F3B1FB63DCA0088F477 /* CurrentConditionsView.swift in Sources */ = {isa = PBXBuildFile; fileRef = B4474F3A1FB63DCA0088F477 /* CurrentConditionsView.swift */; };
		B458F6B51FB1E55600E955BE /* Main.storyboard in Resources */ = {isa = PBXBuildFile; fileRef = B458F6B31FB1E55600E955BE /* Main.storyboard */; };
		B458F6B71FB1E55600E955BE /* Assets.xcassets in Resources */ = {isa = PBXBuildFile; fileRef = B458F6B61FB1E55600E955BE /* Assets.xcassets */; };
		B458F6BA1FB1E55600E955BE /* LaunchScreen.storyboard in Resources */ = {isa = PBXBuildFile; fileRef = B458F6B81FB1E55600E955BE /* LaunchScreen.storyboard */; };
		B458F6C91FB1F7CF00E955BE /* AppDelegate.swift in Sources */ = {isa = PBXBuildFile; fileRef = B458F6C81FB1F7CF00E955BE /* AppDelegate.swift */; };
		B458F6CB1FB1F7ED00E955BE /* WebServiceConfiguration.swift in Sources */ = {isa = PBXBuildFile; fileRef = B458F6CA1FB1F7ED00E955BE /* WebServiceConfiguration.swift */; };
		B458F6D61FB1FB6F00E955BE /* RestClient.swift in Sources */ = {isa = PBXBuildFile; fileRef = B458F6D51FB1FB6F00E955BE /* RestClient.swift */; };
		B458F6D81FB1FBEA00E955BE /* URLRequestComposer.swift in Sources */ = {isa = PBXBuildFile; fileRef = B458F6D71FB1FBEA00E955BE /* URLRequestComposer.swift */; };
		B458F6DC1FB1FFE100E955BE /* GeoLocation.swift in Sources */ = {isa = PBXBuildFile; fileRef = B458F6DB1FB1FFE100E955BE /* GeoLocation.swift */; };
		B45EB9031FB5CA3500923F5B /* WeatherViewController.swift in Sources */ = {isa = PBXBuildFile; fileRef = B45EB9021FB5CA3500923F5B /* WeatherViewController.swift */; };
		B45EB9051FB5CA4600923F5B /* WeatherViewModel.swift in Sources */ = {isa = PBXBuildFile; fileRef = B45EB9041FB5CA4600923F5B /* WeatherViewModel.swift */; };
		B45EB9071FB5CA5600923F5B /* WeatherRouter.swift in Sources */ = {isa = PBXBuildFile; fileRef = B45EB9061FB5CA5600923F5B /* WeatherRouter.swift */; };
		B45EB9091FB5CA6600923F5B /* WeatherBuilder.swift in Sources */ = {isa = PBXBuildFile; fileRef = B45EB9081FB5CA6600923F5B /* WeatherBuilder.swift */; };
		B45EB9111FB5CCC100923F5B /* CurrentConditionsInteractor.swift in Sources */ = {isa = PBXBuildFile; fileRef = B45EB9101FB5CCC100923F5B /* CurrentConditionsInteractor.swift */; };
		B45EB9131FB5CCD000923F5B /* ForecastInteractor.swift in Sources */ = {isa = PBXBuildFile; fileRef = B45EB9121FB5CCD000923F5B /* ForecastInteractor.swift */; };
		B45EB9161FB5D78900923F5B /* GeoLocationInteractor.swift in Sources */ = {isa = PBXBuildFile; fileRef = B45EB9151FB5D78900923F5B /* GeoLocationInteractor.swift */; };
		B45EB9181FB5EC0700923F5B /* Dependencies.swift in Sources */ = {isa = PBXBuildFile; fileRef = B45EB9171FB5EC0700923F5B /* Dependencies.swift */; };
		B45EB91A1FB6081D00923F5B /* DateFormating.swift in Sources */ = {isa = PBXBuildFile; fileRef = B45EB9191FB6081D00923F5B /* DateFormating.swift */; };
		B4804B4C1FB61598004E9C8A /* Storyboard.swift in Sources */ = {isa = PBXBuildFile; fileRef = B4804B4B1FB61598004E9C8A /* Storyboard.swift */; };
		B4804B521FB622F9004E9C8A /* ForecastDayTableViewCell.swift in Sources */ = {isa = PBXBuildFile; fileRef = B4804B511FB622F9004E9C8A /* ForecastDayTableViewCell.swift */; };
		B4804B541FB62301004E9C8A /* ForecastDayTableViewCell.xib in Resources */ = {isa = PBXBuildFile; fileRef = B4804B531FB62301004E9C8A /* ForecastDayTableViewCell.xib */; };
		B490130B1FB337C9004622D6 /* JSONValueConvertible.swift in Sources */ = {isa = PBXBuildFile; fileRef = B49012FF1FB337C9004622D6 /* JSONValueConvertible.swift */; };
		B490130C1FB337C9004622D6 /* JSONValueConvertibleContainer.swift in Sources */ = {isa = PBXBuildFile; fileRef = B49013001FB337C9004622D6 /* JSONValueConvertibleContainer.swift */; };
		B490130D1FB337C9004622D6 /* JSONValueConvertibleFloatingPointType.swift in Sources */ = {isa = PBXBuildFile; fileRef = B49013011FB337C9004622D6 /* JSONValueConvertibleFloatingPointType.swift */; };
		B490130E1FB337C9004622D6 /* JSONValueConvertibleIntegerType.swift in Sources */ = {isa = PBXBuildFile; fileRef = B49013021FB337C9004622D6 /* JSONValueConvertibleIntegerType.swift */; };
		B490130F1FB337C9004622D6 /* JSONValueConvertibleRawRepresentable.swift in Sources */ = {isa = PBXBuildFile; fileRef = B49013031FB337C9004622D6 /* JSONValueConvertibleRawRepresentable.swift */; };
		B49013101FB337C9004622D6 /* JSONValueTransformer.swift in Sources */ = {isa = PBXBuildFile; fileRef = B49013041FB337C9004622D6 /* JSONValueTransformer.swift */; };
		B49013111FB337C9004622D6 /* Map.swift in Sources */ = {isa = PBXBuildFile; fileRef = B49013051FB337C9004622D6 /* Map.swift */; };
		B49013121FB337C9004622D6 /* Mappable.swift in Sources */ = {isa = PBXBuildFile; fileRef = B49013061FB337C9004622D6 /* Mappable.swift */; };
		B49013131FB337C9004622D6 /* LICENSE in Resources */ = {isa = PBXBuildFile; fileRef = B49013071FB337C9004622D6 /* LICENSE */; };
		B49013141FB337C9004622D6 /* Info.plist in Resources */ = {isa = PBXBuildFile; fileRef = B49013091FB337C9004622D6 /* Info.plist */; };
		B49013161FB35F91004622D6 /* ResponseData.swift in Sources */ = {isa = PBXBuildFile; fileRef = B49013151FB35F91004622D6 /* ResponseData.swift */; };
		B49013191FB36FC0004622D6 /* GeoLocationGateway.swift in Sources */ = {isa = PBXBuildFile; fileRef = B49013181FB36FC0004622D6 /* GeoLocationGateway.swift */; };
		B490131B1FB37D78004622D6 /* ForecastWeatherGateway.swift in Sources */ = {isa = PBXBuildFile; fileRef = B490131A1FB37D78004622D6 /* ForecastWeatherGateway.swift */; };
		B49013221FB490A1004622D6 /* DateEntity.swift in Sources */ = {isa = PBXBuildFile; fileRef = B49013211FB490A1004622D6 /* DateEntity.swift */; };
		B49013251FB49127004622D6 /* Temperature.swift in Sources */ = {isa = PBXBuildFile; fileRef = B49013241FB49127004622D6 /* Temperature.swift */; };
		B49013281FB4929B004622D6 /* ForecastDay.swift in Sources */ = {isa = PBXBuildFile; fileRef = B49013271FB4929B004622D6 /* ForecastDay.swift */; };
		B490132B1FB4939A004622D6 /* CurrentConditions.swift in Sources */ = {isa = PBXBuildFile; fileRef = B490132A1FB4939A004622D6 /* CurrentConditions.swift */; };
		B490132E1FB49DF7004622D6 /* Wind.swift in Sources */ = {isa = PBXBuildFile; fileRef = B490132D1FB49DF7004622D6 /* Wind.swift */; };
		B49013361FB4BFD9004622D6 /* CurrentConditionsGateway.swift in Sources */ = {isa = PBXBuildFile; fileRef = B49013351FB4BFD9004622D6 /* CurrentConditionsGateway.swift */; };
		B4F08CDC1FB31AE2002148E2 /* CoreGateway.swift in Sources */ = {isa = PBXBuildFile; fileRef = B4F08CDB1FB31AE2002148E2 /* CoreGateway.swift */; };
		B4F08CDE1FB31C69002148E2 /* ResponseError.swift in Sources */ = {isa = PBXBuildFile; fileRef = B4F08CDD1FB31C69002148E2 /* ResponseError.swift */; };
/* End PBXBuildFile section */

/* Begin PBXFileReference section */
		0E784A914A5A0F5353A0D921 /* Pods-WeatherForecaster.release.xcconfig */ = {isa = PBXFileReference; includeInIndex = 1; lastKnownFileType = text.xcconfig; name = "Pods-WeatherForecaster.release.xcconfig"; path = "Pods/Target Support Files/Pods-WeatherForecaster/Pods-WeatherForecaster.release.xcconfig"; sourceTree = "<group>"; };
		1F9B3A3C9D96A9A03231342E /* Pods-WeatherForecaster.debug.xcconfig */ = {isa = PBXFileReference; includeInIndex = 1; lastKnownFileType = text.xcconfig; name = "Pods-WeatherForecaster.debug.xcconfig"; path = "Pods/Target Support Files/Pods-WeatherForecaster/Pods-WeatherForecaster.debug.xcconfig"; sourceTree = "<group>"; };
		B4474F3A1FB63DCA0088F477 /* CurrentConditionsView.swift */ = {isa = PBXFileReference; lastKnownFileType = sourcecode.swift; path = CurrentConditionsView.swift; sourceTree = "<group>"; };
		B458F6AC1FB1E55600E955BE /* WeatherForecaster.app */ = {isa = PBXFileReference; explicitFileType = wrapper.application; includeInIndex = 0; path = WeatherForecaster.app; sourceTree = BUILT_PRODUCTS_DIR; };
		B458F6B41FB1E55600E955BE /* Base */ = {isa = PBXFileReference; lastKnownFileType = file.storyboard; name = Base; path = Base.lproj/Main.storyboard; sourceTree = "<group>"; };
		B458F6B61FB1E55600E955BE /* Assets.xcassets */ = {isa = PBXFileReference; lastKnownFileType = folder.assetcatalog; path = Assets.xcassets; sourceTree = "<group>"; };
		B458F6B91FB1E55600E955BE /* Base */ = {isa = PBXFileReference; lastKnownFileType = file.storyboard; name = Base; path = Base.lproj/LaunchScreen.storyboard; sourceTree = "<group>"; };
		B458F6BB1FB1E55600E955BE /* Info.plist */ = {isa = PBXFileReference; lastKnownFileType = text.plist.xml; path = Info.plist; sourceTree = "<group>"; };
		B458F6C81FB1F7CF00E955BE /* AppDelegate.swift */ = {isa = PBXFileReference; fileEncoding = 4; lastKnownFileType = sourcecode.swift; path = AppDelegate.swift; sourceTree = "<group>"; };
		B458F6CA1FB1F7ED00E955BE /* WebServiceConfiguration.swift */ = {isa = PBXFileReference; lastKnownFileType = sourcecode.swift; path = WebServiceConfiguration.swift; sourceTree = "<group>"; };
		B458F6D51FB1FB6F00E955BE /* RestClient.swift */ = {isa = PBXFileReference; lastKnownFileType = sourcecode.swift; path = RestClient.swift; sourceTree = "<group>"; };
		B458F6D71FB1FBEA00E955BE /* URLRequestComposer.swift */ = {isa = PBXFileReference; lastKnownFileType = sourcecode.swift; path = URLRequestComposer.swift; sourceTree = "<group>"; };
		B458F6DB1FB1FFE100E955BE /* GeoLocation.swift */ = {isa = PBXFileReference; lastKnownFileType = sourcecode.swift; path = GeoLocation.swift; sourceTree = "<group>"; };
		B45EB9021FB5CA3500923F5B /* WeatherViewController.swift */ = {isa = PBXFileReference; lastKnownFileType = sourcecode.swift; path = WeatherViewController.swift; sourceTree = "<group>"; };
		B45EB9041FB5CA4600923F5B /* WeatherViewModel.swift */ = {isa = PBXFileReference; lastKnownFileType = sourcecode.swift; path = WeatherViewModel.swift; sourceTree = "<group>"; };
		B45EB9061FB5CA5600923F5B /* WeatherRouter.swift */ = {isa = PBXFileReference; lastKnownFileType = sourcecode.swift; path = WeatherRouter.swift; sourceTree = "<group>"; };
		B45EB9081FB5CA6600923F5B /* WeatherBuilder.swift */ = {isa = PBXFileReference; lastKnownFileType = sourcecode.swift; path = WeatherBuilder.swift; sourceTree = "<group>"; };
		B45EB9101FB5CCC100923F5B /* CurrentConditionsInteractor.swift */ = {isa = PBXFileReference; lastKnownFileType = sourcecode.swift; path = CurrentConditionsInteractor.swift; sourceTree = "<group>"; };
		B45EB9121FB5CCD000923F5B /* ForecastInteractor.swift */ = {isa = PBXFileReference; lastKnownFileType = sourcecode.swift; path = ForecastInteractor.swift; sourceTree = "<group>"; };
		B45EB9151FB5D78900923F5B /* GeoLocationInteractor.swift */ = {isa = PBXFileReference; lastKnownFileType = sourcecode.swift; path = GeoLocationInteractor.swift; sourceTree = "<group>"; };
		B45EB9171FB5EC0700923F5B /* Dependencies.swift */ = {isa = PBXFileReference; lastKnownFileType = sourcecode.swift; path = Dependencies.swift; sourceTree = "<group>"; };
		B45EB9191FB6081D00923F5B /* DateFormating.swift */ = {isa = PBXFileReference; lastKnownFileType = sourcecode.swift; path = DateFormating.swift; sourceTree = "<group>"; };
		B4804B4B1FB61598004E9C8A /* Storyboard.swift */ = {isa = PBXFileReference; lastKnownFileType = sourcecode.swift; path = Storyboard.swift; sourceTree = "<group>"; };
		B4804B511FB622F9004E9C8A /* ForecastDayTableViewCell.swift */ = {isa = PBXFileReference; lastKnownFileType = sourcecode.swift; path = ForecastDayTableViewCell.swift; sourceTree = "<group>"; };
		B4804B531FB62301004E9C8A /* ForecastDayTableViewCell.xib */ = {isa = PBXFileReference; lastKnownFileType = file.xib; path = ForecastDayTableViewCell.xib; sourceTree = "<group>"; };
		B49012FF1FB337C9004622D6 /* JSONValueConvertible.swift */ = {isa = PBXFileReference; fileEncoding = 4; lastKnownFileType = sourcecode.swift; path = JSONValueConvertible.swift; sourceTree = "<group>"; };
		B49013001FB337C9004622D6 /* JSONValueConvertibleContainer.swift */ = {isa = PBXFileReference; fileEncoding = 4; lastKnownFileType = sourcecode.swift; path = JSONValueConvertibleContainer.swift; sourceTree = "<group>"; };
		B49013011FB337C9004622D6 /* JSONValueConvertibleFloatingPointType.swift */ = {isa = PBXFileReference; fileEncoding = 4; lastKnownFileType = sourcecode.swift; path = JSONValueConvertibleFloatingPointType.swift; sourceTree = "<group>"; };
		B49013021FB337C9004622D6 /* JSONValueConvertibleIntegerType.swift */ = {isa = PBXFileReference; fileEncoding = 4; lastKnownFileType = sourcecode.swift; path = JSONValueConvertibleIntegerType.swift; sourceTree = "<group>"; };
		B49013031FB337C9004622D6 /* JSONValueConvertibleRawRepresentable.swift */ = {isa = PBXFileReference; fileEncoding = 4; lastKnownFileType = sourcecode.swift; path = JSONValueConvertibleRawRepresentable.swift; sourceTree = "<group>"; };
		B49013041FB337C9004622D6 /* JSONValueTransformer.swift */ = {isa = PBXFileReference; fileEncoding = 4; lastKnownFileType = sourcecode.swift; path = JSONValueTransformer.swift; sourceTree = "<group>"; };
		B49013051FB337C9004622D6 /* Map.swift */ = {isa = PBXFileReference; fileEncoding = 4; lastKnownFileType = sourcecode.swift; path = Map.swift; sourceTree = "<group>"; };
		B49013061FB337C9004622D6 /* Mappable.swift */ = {isa = PBXFileReference; fileEncoding = 4; lastKnownFileType = sourcecode.swift; path = Mappable.swift; sourceTree = "<group>"; };
		B49013071FB337C9004622D6 /* LICENSE */ = {isa = PBXFileReference; fileEncoding = 4; lastKnownFileType = text; path = LICENSE; sourceTree = "<group>"; };
		B49013091FB337C9004622D6 /* Info.plist */ = {isa = PBXFileReference; fileEncoding = 4; lastKnownFileType = text.plist.xml; path = Info.plist; sourceTree = "<group>"; };
		B490130A1FB337C9004622D6 /* Mapper.h */ = {isa = PBXFileReference; fileEncoding = 4; lastKnownFileType = sourcecode.c.h; path = Mapper.h; sourceTree = "<group>"; };
		B49013151FB35F91004622D6 /* ResponseData.swift */ = {isa = PBXFileReference; lastKnownFileType = sourcecode.swift; path = ResponseData.swift; sourceTree = "<group>"; };
		B49013181FB36FC0004622D6 /* GeoLocationGateway.swift */ = {isa = PBXFileReference; lastKnownFileType = sourcecode.swift; path = GeoLocationGateway.swift; sourceTree = "<group>"; };
		B490131A1FB37D78004622D6 /* ForecastWeatherGateway.swift */ = {isa = PBXFileReference; lastKnownFileType = sourcecode.swift; path = ForecastWeatherGateway.swift; sourceTree = "<group>"; };
		B49013211FB490A1004622D6 /* DateEntity.swift */ = {isa = PBXFileReference; lastKnownFileType = sourcecode.swift; path = DateEntity.swift; sourceTree = "<group>"; };
		B49013241FB49127004622D6 /* Temperature.swift */ = {isa = PBXFileReference; lastKnownFileType = sourcecode.swift; path = Temperature.swift; sourceTree = "<group>"; };
		B49013271FB4929B004622D6 /* ForecastDay.swift */ = {isa = PBXFileReference; lastKnownFileType = sourcecode.swift; path = ForecastDay.swift; sourceTree = "<group>"; };
		B490132A1FB4939A004622D6 /* CurrentConditions.swift */ = {isa = PBXFileReference; lastKnownFileType = sourcecode.swift; path = CurrentConditions.swift; sourceTree = "<group>"; };
		B490132D1FB49DF7004622D6 /* Wind.swift */ = {isa = PBXFileReference; lastKnownFileType = sourcecode.swift; path = Wind.swift; sourceTree = "<group>"; };
		B49013351FB4BFD9004622D6 /* CurrentConditionsGateway.swift */ = {isa = PBXFileReference; lastKnownFileType = sourcecode.swift; path = CurrentConditionsGateway.swift; sourceTree = "<group>"; };
		B4F08CDB1FB31AE2002148E2 /* CoreGateway.swift */ = {isa = PBXFileReference; lastKnownFileType = sourcecode.swift; path = CoreGateway.swift; sourceTree = "<group>"; };
		B4F08CDD1FB31C69002148E2 /* ResponseError.swift */ = {isa = PBXFileReference; lastKnownFileType = sourcecode.swift; path = ResponseError.swift; sourceTree = "<group>"; };
		C5EADE2D159E72E31706C9B1 /* Pods_WeatherForecaster.framework */ = {isa = PBXFileReference; explicitFileType = wrapper.framework; includeInIndex = 0; path = Pods_WeatherForecaster.framework; sourceTree = BUILT_PRODUCTS_DIR; };
/* End PBXFileReference section */

/* Begin PBXFrameworksBuildPhase section */
		B458F6A91FB1E55600E955BE /* Frameworks */ = {
			isa = PBXFrameworksBuildPhase;
			buildActionMask = 2147483647;
			files = (
				6AB5B32FB82B63E317B8074F /* Pods_WeatherForecaster.framework in Frameworks */,
			);
			runOnlyForDeploymentPostprocessing = 0;
		};
/* End PBXFrameworksBuildPhase section */

/* Begin PBXGroup section */
		24968704F72B9BE8844212E0 /* Pods */ = {
			isa = PBXGroup;
			children = (
				1F9B3A3C9D96A9A03231342E /* Pods-WeatherForecaster.debug.xcconfig */,
				0E784A914A5A0F5353A0D921 /* Pods-WeatherForecaster.release.xcconfig */,
			);
			name = Pods;
			sourceTree = "<group>";
		};
		2F90336B65870D4F5073FF24 /* Frameworks */ = {
			isa = PBXGroup;
			children = (
				C5EADE2D159E72E31706C9B1 /* Pods_WeatherForecaster.framework */,
			);
			name = Frameworks;
			sourceTree = "<group>";
		};
		B4474F391FB63DB40088F477 /* CurrentConditionsView */ = {
			isa = PBXGroup;
			children = (
				B4474F3A1FB63DCA0088F477 /* CurrentConditionsView.swift */,
			);
			path = CurrentConditionsView;
			sourceTree = "<group>";
		};
		B458F6A31FB1E55600E955BE = {
			isa = PBXGroup;
			children = (
				B458F6AE1FB1E55600E955BE /* WeatherForecaster */,
				B458F6AD1FB1E55600E955BE /* Products */,
				24968704F72B9BE8844212E0 /* Pods */,
				2F90336B65870D4F5073FF24 /* Frameworks */,
			);
			sourceTree = "<group>";
		};
		B458F6AD1FB1E55600E955BE /* Products */ = {
			isa = PBXGroup;
			children = (
				B458F6AC1FB1E55600E955BE /* WeatherForecaster.app */,
			);
			name = Products;
			sourceTree = "<group>";
		};
		B458F6AE1FB1E55600E955BE /* WeatherForecaster */ = {
			isa = PBXGroup;
			children = (
				B458F6D91FB1FFD000E955BE /* Entities */,
				B458F6CC1FB1F97D00E955BE /* Services */,
				B458F6C71FB1F7CF00E955BE /* Common */,
				B458F6C41FB1F7CF00E955BE /* Scenes */,
				B4804B4D1FB62298004E9C8A /* UIComponents */,
				B458F6B31FB1E55600E955BE /* Main.storyboard */,
				B458F6B61FB1E55600E955BE /* Assets.xcassets */,
				B458F6B81FB1E55600E955BE /* LaunchScreen.storyboard */,
				B458F6BB1FB1E55600E955BE /* Info.plist */,
			);
			path = WeatherForecaster;
			sourceTree = "<group>";
		};
		B458F6C41FB1F7CF00E955BE /* Scenes */ = {
			isa = PBXGroup;
			children = (
				B45EB9011FB5CA2800923F5B /* Weather */,
			);
			path = Scenes;
			sourceTree = "<group>";
		};
		B458F6C71FB1F7CF00E955BE /* Common */ = {
			isa = PBXGroup;
			children = (
				B4804B4A1FB6158C004E9C8A /* Extensions */,
				B49012FD1FB337C9004622D6 /* Mapper */,
				B458F6C81FB1F7CF00E955BE /* AppDelegate.swift */,
				B458F6CA1FB1F7ED00E955BE /* WebServiceConfiguration.swift */,
				B458F6D71FB1FBEA00E955BE /* URLRequestComposer.swift */,
				B45EB9171FB5EC0700923F5B /* Dependencies.swift */,
				B45EB9191FB6081D00923F5B /* DateFormating.swift */,
			);
			path = Common;
			sourceTree = "<group>";
		};
		B458F6CC1FB1F97D00E955BE /* Services */ = {
			isa = PBXGroup;
			children = (
				B45EB90A1FB5CA8600923F5B /* Interactors */,
				B4F08CD71FB31AD4002148E2 /* Gateways */,
				B458F6D51FB1FB6F00E955BE /* RestClient.swift */,
			);
			path = Services;
			sourceTree = "<group>";
		};
		B458F6D91FB1FFD000E955BE /* Entities */ = {
			isa = PBXGroup;
			children = (
				B49013291FB49390004622D6 /* CurrentConditions */,
				B490132C1FB49DE8004622D6 /* Wind */,
				B49013261FB49283004622D6 /* ForecastDay */,
				B49013231FB4910D004622D6 /* Temperature */,
				B49013201FB49090004622D6 /* DateEntity */,
				B458F6DA1FB1FFD000E955BE /* GeoLocation */,
			);
			path = Entities;
			sourceTree = "<group>";
		};
		B458F6DA1FB1FFD000E955BE /* GeoLocation */ = {
			isa = PBXGroup;
			children = (
				B458F6DB1FB1FFE100E955BE /* GeoLocation.swift */,
			);
			path = GeoLocation;
			sourceTree = "<group>";
		};
		B45EB9011FB5CA2800923F5B /* Weather */ = {
			isa = PBXGroup;
			children = (
				B45EB9021FB5CA3500923F5B /* WeatherViewController.swift */,
				B45EB9041FB5CA4600923F5B /* WeatherViewModel.swift */,
				B45EB9061FB5CA5600923F5B /* WeatherRouter.swift */,
				B45EB9081FB5CA6600923F5B /* WeatherBuilder.swift */,
			);
			path = Weather;
			sourceTree = "<group>";
		};
		B45EB90A1FB5CA8600923F5B /* Interactors */ = {
			isa = PBXGroup;
			children = (
				B45EB9141FB5D77D00923F5B /* GeoLocationInteractor */,
				B45EB90E1FB5CCB100923F5B /* CurrentConditionsInteractor */,
				B45EB90F1FB5CCB100923F5B /* ForecastInteractor */,
			);
			path = Interactors;
			sourceTree = "<group>";
		};
		B45EB90E1FB5CCB100923F5B /* CurrentConditionsInteractor */ = {
			isa = PBXGroup;
			children = (
				B45EB9101FB5CCC100923F5B /* CurrentConditionsInteractor.swift */,
			);
			path = CurrentConditionsInteractor;
			sourceTree = "<group>";
		};
		B45EB90F1FB5CCB100923F5B /* ForecastInteractor */ = {
			isa = PBXGroup;
			children = (
				B45EB9121FB5CCD000923F5B /* ForecastInteractor.swift */,
			);
			path = ForecastInteractor;
			sourceTree = "<group>";
		};
		B45EB9141FB5D77D00923F5B /* GeoLocationInteractor */ = {
			isa = PBXGroup;
			children = (
				B45EB9151FB5D78900923F5B /* GeoLocationInteractor.swift */,
			);
			path = GeoLocationInteractor;
			sourceTree = "<group>";
		};
		B4804B4A1FB6158C004E9C8A /* Extensions */ = {
			isa = PBXGroup;
			children = (
				B4804B4B1FB61598004E9C8A /* Storyboard.swift */,
			);
			path = Extensions;
			sourceTree = "<group>";
		};
		B4804B4D1FB62298004E9C8A /* UIComponents */ = {
			isa = PBXGroup;
			children = (
				B4804B4E1FB62298004E9C8A /* Cells */,
				B4804B4F1FB62298004E9C8A /* Views */,
			);
			path = UIComponents;
			sourceTree = "<group>";
		};
		B4804B4E1FB62298004E9C8A /* Cells */ = {
			isa = PBXGroup;
			children = (
				B4804B501FB622E3004E9C8A /* ForecastDayTableViewCell */,
			);
			path = Cells;
			sourceTree = "<group>";
		};
		B4804B4F1FB62298004E9C8A /* Views */ = {
			isa = PBXGroup;
			children = (
				B4474F391FB63DB40088F477 /* CurrentConditionsView */,
			);
			path = Views;
			sourceTree = "<group>";
		};
		B4804B501FB622E3004E9C8A /* ForecastDayTableViewCell */ = {
			isa = PBXGroup;
			children = (
				B4804B511FB622F9004E9C8A /* ForecastDayTableViewCell.swift */,
				B4804B531FB62301004E9C8A /* ForecastDayTableViewCell.xib */,
			);
			path = ForecastDayTableViewCell;
			sourceTree = "<group>";
		};
		B49012FD1FB337C9004622D6 /* Mapper */ = {
			isa = PBXGroup;
			children = (
				B49012FE1FB337C9004622D6 /* Core */,
				B49013071FB337C9004622D6 /* LICENSE */,
				B49013081FB337C9004622D6 /* Supporting Files */,
			);
			path = Mapper;
			sourceTree = "<group>";
		};
		B49012FE1FB337C9004622D6 /* Core */ = {
			isa = PBXGroup;
			children = (
				B49012FF1FB337C9004622D6 /* JSONValueConvertible.swift */,
				B49013001FB337C9004622D6 /* JSONValueConvertibleContainer.swift */,
				B49013011FB337C9004622D6 /* JSONValueConvertibleFloatingPointType.swift */,
				B49013021FB337C9004622D6 /* JSONValueConvertibleIntegerType.swift */,
				B49013031FB337C9004622D6 /* JSONValueConvertibleRawRepresentable.swift */,
				B49013041FB337C9004622D6 /* JSONValueTransformer.swift */,
				B49013051FB337C9004622D6 /* Map.swift */,
				B49013061FB337C9004622D6 /* Mappable.swift */,
			);
			path = Core;
			sourceTree = "<group>";
		};
		B49013081FB337C9004622D6 /* Supporting Files */ = {
			isa = PBXGroup;
			children = (
				B49013091FB337C9004622D6 /* Info.plist */,
				B490130A1FB337C9004622D6 /* Mapper.h */,
			);
			path = "Supporting Files";
			sourceTree = "<group>";
		};
		B49013171FB36FB5004622D6 /* GeoLocationGateway */ = {
			isa = PBXGroup;
			children = (
				B49013181FB36FC0004622D6 /* GeoLocationGateway.swift */,
			);
			path = GeoLocationGateway;
			sourceTree = "<group>";
		};
		B49013201FB49090004622D6 /* DateEntity */ = {
			isa = PBXGroup;
			children = (
				B49013211FB490A1004622D6 /* DateEntity.swift */,
			);
			path = DateEntity;
			sourceTree = "<group>";
		};
		B49013231FB4910D004622D6 /* Temperature */ = {
			isa = PBXGroup;
			children = (
				B49013241FB49127004622D6 /* Temperature.swift */,
			);
			path = Temperature;
			sourceTree = "<group>";
		};
		B49013261FB49283004622D6 /* ForecastDay */ = {
			isa = PBXGroup;
			children = (
				B49013271FB4929B004622D6 /* ForecastDay.swift */,
			);
			path = ForecastDay;
			sourceTree = "<group>";
		};
		B49013291FB49390004622D6 /* CurrentConditions */ = {
			isa = PBXGroup;
			children = (
				B490132A1FB4939A004622D6 /* CurrentConditions.swift */,
			);
			path = CurrentConditions;
			sourceTree = "<group>";
		};
		B490132C1FB49DE8004622D6 /* Wind */ = {
			isa = PBXGroup;
			children = (
				B490132D1FB49DF7004622D6 /* Wind.swift */,
			);
			path = Wind;
			sourceTree = "<group>";
		};
		B49013341FB4BFCD004622D6 /* CurrentConditionsGateway */ = {
			isa = PBXGroup;
			children = (
				B49013351FB4BFD9004622D6 /* CurrentConditionsGateway.swift */,
			);
			path = CurrentConditionsGateway;
			sourceTree = "<group>";
		};
		B4F08CD71FB31AD4002148E2 /* Gateways */ = {
			isa = PBXGroup;
			children = (
				B4F08CD81FB31AD4002148E2 /* CoreGateway */,
				B49013341FB4BFCD004622D6 /* CurrentConditionsGateway */,
				B49013171FB36FB5004622D6 /* GeoLocationGateway */,
				B4F08CD91FB31AD4002148E2 /* ForecastWeatherGateway */,
			);
			path = Gateways;
			sourceTree = "<group>";
		};
		B4F08CD81FB31AD4002148E2 /* CoreGateway */ = {
			isa = PBXGroup;
			children = (
				B4F08CDB1FB31AE2002148E2 /* CoreGateway.swift */,
				B4F08CDD1FB31C69002148E2 /* ResponseError.swift */,
				B49013151FB35F91004622D6 /* ResponseData.swift */,
			);
			path = CoreGateway;
			sourceTree = "<group>";
		};
		B4F08CD91FB31AD4002148E2 /* ForecastWeatherGateway */ = {
			isa = PBXGroup;
			children = (
				B490131A1FB37D78004622D6 /* ForecastWeatherGateway.swift */,
			);
			path = ForecastWeatherGateway;
			sourceTree = "<group>";
		};
/* End PBXGroup section */

/* Begin PBXNativeTarget section */
		B458F6AB1FB1E55600E955BE /* WeatherForecaster */ = {
			isa = PBXNativeTarget;
			buildConfigurationList = B458F6BE1FB1E55600E955BE /* Build configuration list for PBXNativeTarget "WeatherForecaster" */;
			buildPhases = (
				B0F70C641F2B593EC96D9B73 /* [CP] Check Pods Manifest.lock */,
				B458F6A81FB1E55600E955BE /* Sources */,
				B458F6A91FB1E55600E955BE /* Frameworks */,
				B458F6AA1FB1E55600E955BE /* Resources */,
				C97B56523F7FE7E0A5F98F7C /* [CP] Embed Pods Frameworks */,
				D18B1C79BDFDDA21B97F3D3F /* [CP] Copy Pods Resources */,
			);
			buildRules = (
			);
			dependencies = (
			);
			name = WeatherForecaster;
			productName = WeatherForecaster;
			productReference = B458F6AC1FB1E55600E955BE /* WeatherForecaster.app */;
			productType = "com.apple.product-type.application";
		};
/* End PBXNativeTarget section */

/* Begin PBXProject section */
		B458F6A41FB1E55600E955BE /* Project object */ = {
			isa = PBXProject;
			attributes = {
				LastSwiftUpdateCheck = 0910;
				LastUpgradeCheck = 0910;
				ORGANIZATIONNAME = ivan.kostromin.com;
				TargetAttributes = {
					B458F6AB1FB1E55600E955BE = {
						CreatedOnToolsVersion = 9.1;
						ProvisioningStyle = Automatic;
					};
				};
			};
			buildConfigurationList = B458F6A71FB1E55600E955BE /* Build configuration list for PBXProject "WeatherForecaster" */;
			compatibilityVersion = "Xcode 8.0";
			developmentRegion = en;
			hasScannedForEncodings = 0;
			knownRegions = (
				en,
				Base,
			);
			mainGroup = B458F6A31FB1E55600E955BE;
			productRefGroup = B458F6AD1FB1E55600E955BE /* Products */;
			projectDirPath = "";
			projectRoot = "";
			targets = (
				B458F6AB1FB1E55600E955BE /* WeatherForecaster */,
			);
		};
/* End PBXProject section */

/* Begin PBXResourcesBuildPhase section */
		B458F6AA1FB1E55600E955BE /* Resources */ = {
			isa = PBXResourcesBuildPhase;
			buildActionMask = 2147483647;
			files = (
				B458F6BA1FB1E55600E955BE /* LaunchScreen.storyboard in Resources */,
				B458F6B71FB1E55600E955BE /* Assets.xcassets in Resources */,
				B49013131FB337C9004622D6 /* LICENSE in Resources */,
				B49013141FB337C9004622D6 /* Info.plist in Resources */,
				B458F6B51FB1E55600E955BE /* Main.storyboard in Resources */,
				B4804B541FB62301004E9C8A /* ForecastDayTableViewCell.xib in Resources */,
			);
			runOnlyForDeploymentPostprocessing = 0;
		};
/* End PBXResourcesBuildPhase section */

/* Begin PBXShellScriptBuildPhase section */
		B0F70C641F2B593EC96D9B73 /* [CP] Check Pods Manifest.lock */ = {
			isa = PBXShellScriptBuildPhase;
			buildActionMask = 2147483647;
			files = (
			);
			inputPaths = (
			);
			name = "[CP] Check Pods Manifest.lock";
			outputPaths = (
			);
			runOnlyForDeploymentPostprocessing = 0;
			shellPath = /bin/sh;
			shellScript = "diff \"${PODS_PODFILE_DIR_PATH}/Podfile.lock\" \"${PODS_ROOT}/Manifest.lock\" > /dev/null\nif [ $? != 0 ] ; then\n    # print error to STDERR\n    echo \"error: The sandbox is not in sync with the Podfile.lock. Run 'pod install' or update your CocoaPods installation.\" >&2\n    exit 1\nfi\n";
			showEnvVarsInLog = 0;
		};
		C97B56523F7FE7E0A5F98F7C /* [CP] Embed Pods Frameworks */ = {
			isa = PBXShellScriptBuildPhase;
			buildActionMask = 2147483647;
			files = (
			);
			inputPaths = (
			);
			name = "[CP] Embed Pods Frameworks";
			outputPaths = (
			);
			runOnlyForDeploymentPostprocessing = 0;
			shellPath = /bin/sh;
			shellScript = "\"${SRCROOT}/Pods/Target Support Files/Pods-WeatherForecaster/Pods-WeatherForecaster-frameworks.sh\"\n";
			showEnvVarsInLog = 0;
		};
		D18B1C79BDFDDA21B97F3D3F /* [CP] Copy Pods Resources */ = {
			isa = PBXShellScriptBuildPhase;
			buildActionMask = 2147483647;
			files = (
			);
			inputPaths = (
			);
			name = "[CP] Copy Pods Resources";
			outputPaths = (
			);
			runOnlyForDeploymentPostprocessing = 0;
			shellPath = /bin/sh;
			shellScript = "\"${SRCROOT}/Pods/Target Support Files/Pods-WeatherForecaster/Pods-WeatherForecaster-resources.sh\"\n";
			showEnvVarsInLog = 0;
		};
/* End PBXShellScriptBuildPhase section */

/* Begin PBXSourcesBuildPhase section */
		B458F6A81FB1E55600E955BE /* Sources */ = {
			isa = PBXSourcesBuildPhase;
			buildActionMask = 2147483647;
			files = (
				B45EB9111FB5CCC100923F5B /* CurrentConditionsInteractor.swift in Sources */,
				B458F6C91FB1F7CF00E955BE /* AppDelegate.swift in Sources */,
				B490132E1FB49DF7004622D6 /* Wind.swift in Sources */,
				B45EB9031FB5CA3500923F5B /* WeatherViewController.swift in Sources */,
				B49013281FB4929B004622D6 /* ForecastDay.swift in Sources */,
				B45EB9091FB5CA6600923F5B /* WeatherBuilder.swift in Sources */,
				B49013111FB337C9004622D6 /* Map.swift in Sources */,
				B458F6CB1FB1F7ED00E955BE /* WebServiceConfiguration.swift in Sources */,
				B49013161FB35F91004622D6 /* ResponseData.swift in Sources */,
				B4804B521FB622F9004E9C8A /* ForecastDayTableViewCell.swift in Sources */,
				B45EB91A1FB6081D00923F5B /* DateFormating.swift in Sources */,
				B49013191FB36FC0004622D6 /* GeoLocationGateway.swift in Sources */,
				B490130F1FB337C9004622D6 /* JSONValueConvertibleRawRepresentable.swift in Sources */,
				B49013361FB4BFD9004622D6 /* CurrentConditionsGateway.swift in Sources */,
				B4F08CDE1FB31C69002148E2 /* ResponseError.swift in Sources */,
				B45EB9131FB5CCD000923F5B /* ForecastInteractor.swift in Sources */,
				B490131B1FB37D78004622D6 /* ForecastWeatherGateway.swift in Sources */,
				B490130C1FB337C9004622D6 /* JSONValueConvertibleContainer.swift in Sources */,
				B4474F3B1FB63DCA0088F477 /* CurrentConditionsView.swift in Sources */,
				B458F6D81FB1FBEA00E955BE /* URLRequestComposer.swift in Sources */,
				B49013121FB337C9004622D6 /* Mappable.swift in Sources */,
				B458F6DC1FB1FFE100E955BE /* GeoLocation.swift in Sources */,
				B4804B4C1FB61598004E9C8A /* Storyboard.swift in Sources */,
				B49013101FB337C9004622D6 /* JSONValueTransformer.swift in Sources */,
				B45EB9181FB5EC0700923F5B /* Dependencies.swift in Sources */,
				B45EB9161FB5D78900923F5B /* GeoLocationInteractor.swift in Sources */,
				B458F6D61FB1FB6F00E955BE /* RestClient.swift in Sources */,
				B49013251FB49127004622D6 /* Temperature.swift in Sources */,
				B4F08CDC1FB31AE2002148E2 /* CoreGateway.swift in Sources */,
				B45EB9071FB5CA5600923F5B /* WeatherRouter.swift in Sources */,
				B490130E1FB337C9004622D6 /* JSONValueConvertibleIntegerType.swift in Sources */,
				B490130D1FB337C9004622D6 /* JSONValueConvertibleFloatingPointType.swift in Sources */,
				B45EB9051FB5CA4600923F5B /* WeatherViewModel.swift in Sources */,
				B49013221FB490A1004622D6 /* DateEntity.swift in Sources */,
				B490130B1FB337C9004622D6 /* JSONValueConvertible.swift in Sources */,
				B490132B1FB4939A004622D6 /* CurrentConditions.swift in Sources */,
			);
			runOnlyForDeploymentPostprocessing = 0;
		};
/* End PBXSourcesBuildPhase section */

/* Begin PBXVariantGroup section */
		B458F6B31FB1E55600E955BE /* Main.storyboard */ = {
			isa = PBXVariantGroup;
			children = (
				B458F6B41FB1E55600E955BE /* Base */,
			);
			name = Main.storyboard;
			sourceTree = "<group>";
		};
		B458F6B81FB1E55600E955BE /* LaunchScreen.storyboard */ = {
			isa = PBXVariantGroup;
			children = (
				B458F6B91FB1E55600E955BE /* Base */,
			);
			name = LaunchScreen.storyboard;
			sourceTree = "<group>";
		};
/* End PBXVariantGroup section */

/* Begin XCBuildConfiguration section */
		B458F6BC1FB1E55600E955BE /* Debug */ = {
			isa = XCBuildConfiguration;
			buildSettings = {
				ALWAYS_SEARCH_USER_PATHS = NO;
				CLANG_ANALYZER_NONNULL = YES;
				CLANG_ANALYZER_NUMBER_OBJECT_CONVERSION = YES_AGGRESSIVE;
				CLANG_CXX_LANGUAGE_STANDARD = "gnu++14";
				CLANG_CXX_LIBRARY = "libc++";
				CLANG_ENABLE_MODULES = YES;
				CLANG_ENABLE_OBJC_ARC = YES;
				CLANG_WARN_BLOCK_CAPTURE_AUTORELEASING = YES;
				CLANG_WARN_BOOL_CONVERSION = YES;
				CLANG_WARN_COMMA = YES;
				CLANG_WARN_CONSTANT_CONVERSION = YES;
				CLANG_WARN_DIRECT_OBJC_ISA_USAGE = YES_ERROR;
				CLANG_WARN_DOCUMENTATION_COMMENTS = YES;
				CLANG_WARN_EMPTY_BODY = YES;
				CLANG_WARN_ENUM_CONVERSION = YES;
				CLANG_WARN_INFINITE_RECURSION = YES;
				CLANG_WARN_INT_CONVERSION = YES;
				CLANG_WARN_NON_LITERAL_NULL_CONVERSION = YES;
				CLANG_WARN_OBJC_LITERAL_CONVERSION = YES;
				CLANG_WARN_OBJC_ROOT_CLASS = YES_ERROR;
				CLANG_WARN_RANGE_LOOP_ANALYSIS = YES;
				CLANG_WARN_STRICT_PROTOTYPES = YES;
				CLANG_WARN_SUSPICIOUS_MOVE = YES;
				CLANG_WARN_UNGUARDED_AVAILABILITY = YES_AGGRESSIVE;
				CLANG_WARN_UNREACHABLE_CODE = YES;
				CLANG_WARN__DUPLICATE_METHOD_MATCH = YES;
				CODE_SIGN_IDENTITY = "iPhone Developer";
				COPY_PHASE_STRIP = NO;
				DEBUG_INFORMATION_FORMAT = dwarf;
				ENABLE_STRICT_OBJC_MSGSEND = YES;
				ENABLE_TESTABILITY = YES;
				GCC_C_LANGUAGE_STANDARD = gnu11;
				GCC_DYNAMIC_NO_PIC = NO;
				GCC_NO_COMMON_BLOCKS = YES;
				GCC_OPTIMIZATION_LEVEL = 0;
				GCC_PREPROCESSOR_DEFINITIONS = (
					"DEBUG=1",
					"$(inherited)",
				);
				GCC_WARN_64_TO_32_BIT_CONVERSION = YES;
				GCC_WARN_ABOUT_RETURN_TYPE = YES_ERROR;
				GCC_WARN_UNDECLARED_SELECTOR = YES;
				GCC_WARN_UNINITIALIZED_AUTOS = YES_AGGRESSIVE;
				GCC_WARN_UNUSED_FUNCTION = YES;
				GCC_WARN_UNUSED_VARIABLE = YES;
				IPHONEOS_DEPLOYMENT_TARGET = 11.1;
				MTL_ENABLE_DEBUG_INFO = YES;
				ONLY_ACTIVE_ARCH = YES;
				SDKROOT = iphoneos;
				SWIFT_ACTIVE_COMPILATION_CONDITIONS = DEBUG;
				SWIFT_OPTIMIZATION_LEVEL = "-Onone";
			};
			name = Debug;
		};
		B458F6BD1FB1E55600E955BE /* Release */ = {
			isa = XCBuildConfiguration;
			buildSettings = {
				ALWAYS_SEARCH_USER_PATHS = NO;
				CLANG_ANALYZER_NONNULL = YES;
				CLANG_ANALYZER_NUMBER_OBJECT_CONVERSION = YES_AGGRESSIVE;
				CLANG_CXX_LANGUAGE_STANDARD = "gnu++14";
				CLANG_CXX_LIBRARY = "libc++";
				CLANG_ENABLE_MODULES = YES;
				CLANG_ENABLE_OBJC_ARC = YES;
				CLANG_WARN_BLOCK_CAPTURE_AUTORELEASING = YES;
				CLANG_WARN_BOOL_CONVERSION = YES;
				CLANG_WARN_COMMA = YES;
				CLANG_WARN_CONSTANT_CONVERSION = YES;
				CLANG_WARN_DIRECT_OBJC_ISA_USAGE = YES_ERROR;
				CLANG_WARN_DOCUMENTATION_COMMENTS = YES;
				CLANG_WARN_EMPTY_BODY = YES;
				CLANG_WARN_ENUM_CONVERSION = YES;
				CLANG_WARN_INFINITE_RECURSION = YES;
				CLANG_WARN_INT_CONVERSION = YES;
				CLANG_WARN_NON_LITERAL_NULL_CONVERSION = YES;
				CLANG_WARN_OBJC_LITERAL_CONVERSION = YES;
				CLANG_WARN_OBJC_ROOT_CLASS = YES_ERROR;
				CLANG_WARN_RANGE_LOOP_ANALYSIS = YES;
				CLANG_WARN_STRICT_PROTOTYPES = YES;
				CLANG_WARN_SUSPICIOUS_MOVE = YES;
				CLANG_WARN_UNGUARDED_AVAILABILITY = YES_AGGRESSIVE;
				CLANG_WARN_UNREACHABLE_CODE = YES;
				CLANG_WARN__DUPLICATE_METHOD_MATCH = YES;
				CODE_SIGN_IDENTITY = "iPhone Developer";
				COPY_PHASE_STRIP = NO;
				DEBUG_INFORMATION_FORMAT = "dwarf-with-dsym";
				ENABLE_NS_ASSERTIONS = NO;
				ENABLE_STRICT_OBJC_MSGSEND = YES;
				GCC_C_LANGUAGE_STANDARD = gnu11;
				GCC_NO_COMMON_BLOCKS = YES;
				GCC_WARN_64_TO_32_BIT_CONVERSION = YES;
				GCC_WARN_ABOUT_RETURN_TYPE = YES_ERROR;
				GCC_WARN_UNDECLARED_SELECTOR = YES;
				GCC_WARN_UNINITIALIZED_AUTOS = YES_AGGRESSIVE;
				GCC_WARN_UNUSED_FUNCTION = YES;
				GCC_WARN_UNUSED_VARIABLE = YES;
				IPHONEOS_DEPLOYMENT_TARGET = 11.1;
				MTL_ENABLE_DEBUG_INFO = NO;
				SDKROOT = iphoneos;
				SWIFT_OPTIMIZATION_LEVEL = "-Owholemodule";
				VALIDATE_PRODUCT = YES;
			};
			name = Release;
		};
		B458F6BF1FB1E55600E955BE /* Debug */ = {
			isa = XCBuildConfiguration;
			baseConfigurationReference = 1F9B3A3C9D96A9A03231342E /* Pods-WeatherForecaster.debug.xcconfig */;
			buildSettings = {
				ASSETCATALOG_COMPILER_APPICON_NAME = AppIcon;
				CODE_SIGN_STYLE = Automatic;
				INFOPLIST_FILE = WeatherForecaster/Info.plist;
				IPHONEOS_DEPLOYMENT_TARGET = 10.0;
				LD_RUNPATH_SEARCH_PATHS = "$(inherited) @executable_path/Frameworks";
				PRODUCT_BUNDLE_IDENTIFIER = ivan.kostromin.com.WeatherForecaster;
				PRODUCT_NAME = "$(TARGET_NAME)";
				SWIFT_VERSION = 4.0;
				TARGETED_DEVICE_FAMILY = "1,2";
			};
			name = Debug;
		};
		B458F6C01FB1E55600E955BE /* Release */ = {
			isa = XCBuildConfiguration;
			baseConfigurationReference = 0E784A914A5A0F5353A0D921 /* Pods-WeatherForecaster.release.xcconfig */;
			buildSettings = {
				ASSETCATALOG_COMPILER_APPICON_NAME = AppIcon;
				CODE_SIGN_STYLE = Automatic;
				INFOPLIST_FILE = WeatherForecaster/Info.plist;
				IPHONEOS_DEPLOYMENT_TARGET = 10.0;
				LD_RUNPATH_SEARCH_PATHS = "$(inherited) @executable_path/Frameworks";
				PRODUCT_BUNDLE_IDENTIFIER = ivan.kostromin.com.WeatherForecaster;
				PRODUCT_NAME = "$(TARGET_NAME)";
				SWIFT_VERSION = 4.0;
				TARGETED_DEVICE_FAMILY = "1,2";
			};
			name = Release;
		};
/* End XCBuildConfiguration section */

/* Begin XCConfigurationList section */
		B458F6A71FB1E55600E955BE /* Build configuration list for PBXProject "WeatherForecaster" */ = {
			isa = XCConfigurationList;
			buildConfigurations = (
				B458F6BC1FB1E55600E955BE /* Debug */,
				B458F6BD1FB1E55600E955BE /* Release */,
			);
			defaultConfigurationIsVisible = 0;
			defaultConfigurationName = Release;
		};
		B458F6BE1FB1E55600E955BE /* Build configuration list for PBXNativeTarget "WeatherForecaster" */ = {
			isa = XCConfigurationList;
			buildConfigurations = (
				B458F6BF1FB1E55600E955BE /* Debug */,
				B458F6C01FB1E55600E955BE /* Release */,
			);
			defaultConfigurationIsVisible = 0;
			defaultConfigurationName = Release;
		};
/* End XCConfigurationList section */
	};
	rootObject = B458F6A41FB1E55600E955BE /* Project object */;
}
